
Microsoft Visual Studio Solution File, Format Version 12.00
# Visual Studio Version 16
VisualStudioVersion = 16.0.31402.337
MinimumVisualStudioVersion = 10.0.40219.1
Project("{2150E333-8FDC-42A3-9474-1A3956D46DE8}") = "Source", "Source", "{6472D2A2-48ED-40FF-95C8-526B9ECA8B97}"
EndProject
Project("{2150E333-8FDC-42A3-9474-1A3956D46DE8}") = "WebApi", "WebApi", "{B453394A-D3AD-4EEB-860F-BB173327DB94}"
EndProject
Project("{FAE04EC0-301F-11D3-BF4B-00C04F79EFBC}") = "ESO.WebApi", "ESO\ESO.WebApi\ESO.WebApi.csproj", "{5E7579B4-4EA7-4868-9B56-E457E2C86076}"
EndProject
Project("{2150E333-8FDC-42A3-9474-1A3956D46DE8}") = "Core", "Core", "{C02D07C4-F882-49BF-963F-FD75D4F962EF}"
EndProject
Project("{FAE04EC0-301F-11D3-BF4B-00C04F79EFBC}") = "ESO.Application", "ESO\ESO.Application\ESO.Application.csproj", "{1BF5FE49-B671-4F5C-AC4E-2404773F2BF9}"
EndProject
Project("{FAE04EC0-301F-11D3-BF4B-00C04F79EFBC}") = "ESO.Domain", "ESO\ESO.Domain\ESO.Domain.csproj", "{F302E76A-1BF1-4387-95CC-1A1B2C0435DE}"
EndProject
Project("{2150E333-8FDC-42A3-9474-1A3956D46DE8}") = "Infrastructure", "Infrastructure", "{3310CF8B-BDCF-4E1A-81B6-D770DDB90E55}"
EndProject
Project("{FAE04EC0-301F-11D3-BF4B-00C04F79EFBC}") = "ESO.Infrastructure.Identity", "ESO\ESO.Infrastructure.Identity\ESO.Infrastructure.Identity.csproj", "{D0F3A8F6-A045-4AB3-9592-2A192938CA1D}"
EndProject
Project("{FAE04EC0-301F-11D3-BF4B-00C04F79EFBC}") = "ESO.Infrastructure.Persistence", "ESO\ESO.Infrastructure.Persistence\ESO.Infrastructure.Persistence.csproj", "{D8E3CBFE-0ACF-4A76-8F50-7A18A5F06E48}"
EndProject
Project("{FAE04EC0-301F-11D3-BF4B-00C04F79EFBC}") = "ESO.Infrastructure.Shared", "ESO\ESO.Infrastructure.Shared\ESO.Infrastructure.Shared.csproj", "{C3405811-4591-425D-AC35-321668CD6B15}"
EndProject
Global
	GlobalSection(SolutionConfigurationPlatforms) = preSolution
		Debug|Any CPU = Debug|Any CPU
		Release|Any CPU = Release|Any CPU
	EndGlobalSection
	GlobalSection(ProjectConfigurationPlatforms) = postSolution
		{5E7579B4-4EA7-4868-9B56-E457E2C86076}.Debug|Any CPU.ActiveCfg = Debug|Any CPU
		{5E7579B4-4EA7-4868-9B56-E457E2C86076}.Debug|Any CPU.Build.0 = Debug|Any CPU
		{5E7579B4-4EA7-4868-9B56-E457E2C86076}.Release|Any CPU.ActiveCfg = Release|Any CPU
		{5E7579B4-4EA7-4868-9B56-E457E2C86076}.Release|Any CPU.Build.0 = Release|Any CPU
		{1BF5FE49-B671-4F5C-AC4E-2404773F2BF9}.Debug|Any CPU.ActiveCfg = Debug|Any CPU
		{1BF5FE49-B671-4F5C-AC4E-2404773F2BF9}.Debug|Any CPU.Build.0 = Debug|Any CPU
		{1BF5FE49-B671-4F5C-AC4E-2404773F2BF9}.Release|Any CPU.ActiveCfg = Release|Any CPU
		{1BF5FE49-B671-4F5C-AC4E-2404773F2BF9}.Release|Any CPU.Build.0 = Release|Any CPU
		{F302E76A-1BF1-4387-95CC-1A1B2C0435DE}.Debug|Any CPU.ActiveCfg = Debug|Any CPU
		{F302E76A-1BF1-4387-95CC-1A1B2C0435DE}.Debug|Any CPU.Build.0 = Debug|Any CPU
		{F302E76A-1BF1-4387-95CC-1A1B2C0435DE}.Release|Any CPU.ActiveCfg = Release|Any CPU
		{F302E76A-1BF1-4387-95CC-1A1B2C0435DE}.Release|Any CPU.Build.0 = Release|Any CPU
		{D0F3A8F6-A045-4AB3-9592-2A192938CA1D}.Debug|Any CPU.ActiveCfg = Debug|Any CPU
		{D0F3A8F6-A045-4AB3-9592-2A192938CA1D}.Debug|Any CPU.Build.0 = Debug|Any CPU
		{D0F3A8F6-A045-4AB3-9592-2A192938CA1D}.Release|Any CPU.ActiveCfg = Release|Any CPU
		{D0F3A8F6-A045-4AB3-9592-2A192938CA1D}.Release|Any CPU.Build.0 = Release|Any CPU
		{D8E3CBFE-0ACF-4A76-8F50-7A18A5F06E48}.Debug|Any CPU.ActiveCfg = Debug|Any CPU
		{D8E3CBFE-0ACF-4A76-8F50-7A18A5F06E48}.Debug|Any CPU.Build.0 = Debug|Any CPU
		{D8E3CBFE-0ACF-4A76-8F50-7A18A5F06E48}.Release|Any CPU.ActiveCfg = Release|Any CPU
		{D8E3CBFE-0ACF-4A76-8F50-7A18A5F06E48}.Release|Any CPU.Build.0 = Release|Any CPU
		{C3405811-4591-425D-AC35-321668CD6B15}.Debug|Any CPU.ActiveCfg = Debug|Any CPU
		{C3405811-4591-425D-AC35-321668CD6B15}.Debug|Any CPU.Build.0 = Debug|Any CPU
		{C3405811-4591-425D-AC35-321668CD6B15}.Release|Any CPU.ActiveCfg = Release|Any CPU
		{C3405811-4591-425D-AC35-321668CD6B15}.Release|Any CPU.Build.0 = Release|Any CPU
	EndGlobalSection
	GlobalSection(SolutionProperties) = preSolution
		HideSolutionNode = FALSE
	EndGlobalSection
	GlobalSection(NestedProjects) = preSolution
		{B453394A-D3AD-4EEB-860F-BB173327DB94} = {6472D2A2-48ED-40FF-95C8-526B9ECA8B97}
		{5E7579B4-4EA7-4868-9B56-E457E2C86076} = {B453394A-D3AD-4EEB-860F-BB173327DB94}
		{C02D07C4-F882-49BF-963F-FD75D4F962EF} = {6472D2A2-48ED-40FF-95C8-526B9ECA8B97}
		{1BF5FE49-B671-4F5C-AC4E-2404773F2BF9} = {C02D07C4-F882-49BF-963F-FD75D4F962EF}
		{F302E76A-1BF1-4387-95CC-1A1B2C0435DE} = {C02D07C4-F882-49BF-963F-FD75D4F962EF}
		{3310CF8B-BDCF-4E1A-81B6-D770DDB90E55} = {6472D2A2-48ED-40FF-95C8-526B9ECA8B97}
		{D0F3A8F6-A045-4AB3-9592-2A192938CA1D} = {3310CF8B-BDCF-4E1A-81B6-D770DDB90E55}
		{D8E3CBFE-0ACF-4A76-8F50-7A18A5F06E48} = {3310CF8B-BDCF-4E1A-81B6-D770DDB90E55}
		{C3405811-4591-425D-AC35-321668CD6B15} = {3310CF8B-BDCF-4E1A-81B6-D770DDB90E55}
	EndGlobalSection
	GlobalSection(ExtensibilityGlobals) = postSolution
		SolutionGuid = {67274195-B1D3-4DD3-BF25-34D3062ED791}
	EndGlobalSection
EndGlobal
